
Microsoft Visual Studio Solution File, Format Version 12.00
# Visual Studio Version 17
VisualStudioVersion = 17.8.34601.278
MinimumVisualStudioVersion = 10.0.40219.1
Project("{FAE04EC0-301F-11D3-BF4B-00C04F79EFBC}") = "MyBlogSite.Mvc", "MyBlogSite.Mvc\MyBlogSite.Mvc.csproj", "{65E61F2A-5EAB-4653-8E88-BA44FE3EE54E}"
EndProject
Global
	GlobalSection(SolutionConfigurationPlatforms) = preSolution
		Debug|Any CPU = Debug|Any CPU
		Release|Any CPU = Release|Any CPU
	EndGlobalSection
	GlobalSection(ProjectConfigurationPlatforms) = postSolution
		{65E61F2A-5EAB-4653-8E88-BA44FE3EE54E}.Debug|Any CPU.ActiveCfg = Debug|Any CPU
		{65E61F2A-5EAB-4653-8E88-BA44FE3EE54E}.Debug|Any CPU.Build.0 = Debug|Any CPU
		{65E61F2A-5EAB-4653-8E88-BA44FE3EE54E}.Release|Any CPU.ActiveCfg = Release|Any CPU
		{65E61F2A-5EAB-4653-8E88-BA44FE3EE54E}.Release|Any CPU.Build.0 = Release|Any CPU
	EndGlobalSection
	GlobalSection(SolutionProperties) = preSolution
		HideSolutionNode = FALSE
	EndGlobalSection
	GlobalSection(ExtensibilityGlobals) = postSolution
		SolutionGuid = {F920F83D-B02C-4E3F-8281-E6F31A8B3DF3}
	EndGlobalSection
EndGlobal
